
Microsoft Visual Studio Solution File, Format Version 12.00
# Visual Studio 15
VisualStudioVersion = 15.0.27703.2000
MinimumVisualStudioVersion = 10.0.40219.1
Project("{FAE04EC0-301F-11D3-BF4B-00C04F79EFBC}") = "XToDecimal", "BaseConverter\XToDecimal.csproj", "{794251E0-8DB4-4E1C-AA04-679471BF9A4D}"
EndProject
Project("{FAE04EC0-301F-11D3-BF4B-00C04F79EFBC}") = "DecimalToX", "DecimalToX\DecimalToX.csproj", "{8674E22F-79D1-4AE4-9295-0E8F5E005D8D}"
EndProject
Global
	GlobalSection(SolutionConfigurationPlatforms) = preSolution
		Debug|Any CPU = Debug|Any CPU
		Release|Any CPU = Release|Any CPU
	EndGlobalSection
	GlobalSection(ProjectConfigurationPlatforms) = postSolution
		{794251E0-8DB4-4E1C-AA04-679471BF9A4D}.Debug|Any CPU.ActiveCfg = Debug|Any CPU
		{794251E0-8DB4-4E1C-AA04-679471BF9A4D}.Debug|Any CPU.Build.0 = Debug|Any CPU
		{794251E0-8DB4-4E1C-AA04-679471BF9A4D}.Release|Any CPU.ActiveCfg = Release|Any CPU
		{794251E0-8DB4-4E1C-AA04-679471BF9A4D}.Release|Any CPU.Build.0 = Release|Any CPU
		{8674E22F-79D1-4AE4-9295-0E8F5E005D8D}.Debug|Any CPU.ActiveCfg = Debug|Any CPU
		{8674E22F-79D1-4AE4-9295-0E8F5E005D8D}.Debug|Any CPU.Build.0 = Debug|Any CPU
		{8674E22F-79D1-4AE4-9295-0E8F5E005D8D}.Release|Any CPU.ActiveCfg = Release|Any CPU
		{8674E22F-79D1-4AE4-9295-0E8F5E005D8D}.Release|Any CPU.Build.0 = Release|Any CPU
	EndGlobalSection
	GlobalSection(SolutionProperties) = preSolution
		HideSolutionNode = FALSE
	EndGlobalSection
	GlobalSection(ExtensibilityGlobals) = postSolution
		SolutionGuid = {63BE30A6-4D63-46F1-ABB1-87E5FB278C60}
	EndGlobalSection
EndGlobal
